
Microsoft Visual Studio Solution File, Format Version 12.00
# Visual Studio Version 17
VisualStudioVersion = 17.14.36221.1
MinimumVisualStudioVersion = 10.0.40219.1
Project("{2150E333-8FDC-42A3-9474-1A3956D46DE8}") = "src", "src", "{02EA681E-C7D8-13C7-8484-4AC65E1B71E8}"
EndProject
Project("{2150E333-8FDC-42A3-9474-1A3956D46DE8}") = "Backend", "Backend", "{AE96B386-A63B-46E1-B853-2FBEA866791B}"
EndProject
Project("{FAE04EC0-301F-11D3-BF4B-00C04F79EFBC}") = "TechSyence.Domain", "src\Backend\TechSyence.Domain\TechSyence.Domain.csproj", "{782469C8-17A4-4C30-A2DD-B03C4BC14B91}"
EndProject
Project("{FAE04EC0-301F-11D3-BF4B-00C04F79EFBC}") = "TechSyence.Application", "src\Backend\TechSyence.Application\TechSyence.Application.csproj", "{0978C2AD-5137-4839-86A1-36AFD82223E9}"
	ProjectSection(ProjectDependencies) = postProject
		{782469C8-17A4-4C30-A2DD-B03C4BC14B91} = {782469C8-17A4-4C30-A2DD-B03C4BC14B91}
		{BE26352B-BCD5-4A9F-BF07-ED74BF64CA18} = {BE26352B-BCD5-4A9F-BF07-ED74BF64CA18}
		{E9EF6DF5-0229-4675-9C20-183377C62839} = {E9EF6DF5-0229-4675-9C20-183377C62839}
	EndProjectSection
EndProject
Project("{FAE04EC0-301F-11D3-BF4B-00C04F79EFBC}") = "TechSyence.Infrastructure", "src\Backend\TechSyence.Infrastructure\TechSyence.Infrastructure.csproj", "{61B7496D-4F5B-41AD-9290-E5672A6CF840}"
	ProjectSection(ProjectDependencies) = postProject
		{782469C8-17A4-4C30-A2DD-B03C4BC14B91} = {782469C8-17A4-4C30-A2DD-B03C4BC14B91}
	EndProjectSection
EndProject
Project("{FAE04EC0-301F-11D3-BF4B-00C04F79EFBC}") = "TechSyence.Communiction", "src\Shared\TechSyence.Communiction\TechSyence.Communiction.csproj", "{E9EF6DF5-0229-4675-9C20-183377C62839}"
EndProject
Project("{FAE04EC0-301F-11D3-BF4B-00C04F79EFBC}") = "TechSyence.Exceptions", "src\Shared\TechSyence.Exceptions\TechSyence.Exceptions.csproj", "{BE26352B-BCD5-4A9F-BF07-ED74BF64CA18}"
EndProject
Project("{2150E333-8FDC-42A3-9474-1A3956D46DE8}") = "tests", "tests", "{BF596C53-0952-430F-B3F2-8DE205E365E3}"
EndProject
Project("{FAE04EC0-301F-11D3-BF4B-00C04F79EFBC}") = "CommonTestUtilities", "tests\CommonTestUtilities\CommonTestUtilities.csproj", "{6CD28925-6EA0-43AE-B059-1CDE575E1687}"
EndProject
Project("{2150E333-8FDC-42A3-9474-1A3956D46DE8}") = "Shared", "Shared", "{360FD04B-C243-47CC-899C-4CC01B827966}"
EndProject
Project("{FAE04EC0-301F-11D3-BF4B-00C04F79EFBC}") = "TechSyence.API", "src\Backend\TechSyence.API\TechSyence.API.csproj", "{AC7B7372-A018-43B9-996D-E4118BAABC83}"
EndProject
Global
	GlobalSection(SolutionConfigurationPlatforms) = preSolution
		Debug|Any CPU = Debug|Any CPU
		Release|Any CPU = Release|Any CPU
	EndGlobalSection
	GlobalSection(ProjectConfigurationPlatforms) = postSolution
		{782469C8-17A4-4C30-A2DD-B03C4BC14B91}.Debug|Any CPU.ActiveCfg = Debug|Any CPU
		{782469C8-17A4-4C30-A2DD-B03C4BC14B91}.Debug|Any CPU.Build.0 = Debug|Any CPU
		{782469C8-17A4-4C30-A2DD-B03C4BC14B91}.Release|Any CPU.ActiveCfg = Release|Any CPU
		{782469C8-17A4-4C30-A2DD-B03C4BC14B91}.Release|Any CPU.Build.0 = Release|Any CPU
		{0978C2AD-5137-4839-86A1-36AFD82223E9}.Debug|Any CPU.ActiveCfg = Debug|Any CPU
		{0978C2AD-5137-4839-86A1-36AFD82223E9}.Debug|Any CPU.Build.0 = Debug|Any CPU
		{0978C2AD-5137-4839-86A1-36AFD82223E9}.Release|Any CPU.ActiveCfg = Release|Any CPU
		{0978C2AD-5137-4839-86A1-36AFD82223E9}.Release|Any CPU.Build.0 = Release|Any CPU
		{61B7496D-4F5B-41AD-9290-E5672A6CF840}.Debug|Any CPU.ActiveCfg = Debug|Any CPU
		{61B7496D-4F5B-41AD-9290-E5672A6CF840}.Debug|Any CPU.Build.0 = Debug|Any CPU
		{61B7496D-4F5B-41AD-9290-E5672A6CF840}.Release|Any CPU.ActiveCfg = Release|Any CPU
		{61B7496D-4F5B-41AD-9290-E5672A6CF840}.Release|Any CPU.Build.0 = Release|Any CPU
		{E9EF6DF5-0229-4675-9C20-183377C62839}.Debug|Any CPU.ActiveCfg = Debug|Any CPU
		{E9EF6DF5-0229-4675-9C20-183377C62839}.Debug|Any CPU.Build.0 = Debug|Any CPU
		{E9EF6DF5-0229-4675-9C20-183377C62839}.Release|Any CPU.ActiveCfg = Release|Any CPU
		{E9EF6DF5-0229-4675-9C20-183377C62839}.Release|Any CPU.Build.0 = Release|Any CPU
		{BE26352B-BCD5-4A9F-BF07-ED74BF64CA18}.Debug|Any CPU.ActiveCfg = Debug|Any CPU
		{BE26352B-BCD5-4A9F-BF07-ED74BF64CA18}.Debug|Any CPU.Build.0 = Debug|Any CPU
		{BE26352B-BCD5-4A9F-BF07-ED74BF64CA18}.Release|Any CPU.ActiveCfg = Release|Any CPU
		{BE26352B-BCD5-4A9F-BF07-ED74BF64CA18}.Release|Any CPU.Build.0 = Release|Any CPU
		{6CD28925-6EA0-43AE-B059-1CDE575E1687}.Debug|Any CPU.ActiveCfg = Debug|Any CPU
		{6CD28925-6EA0-43AE-B059-1CDE575E1687}.Debug|Any CPU.Build.0 = Debug|Any CPU
		{6CD28925-6EA0-43AE-B059-1CDE575E1687}.Release|Any CPU.ActiveCfg = Release|Any CPU
		{6CD28925-6EA0-43AE-B059-1CDE575E1687}.Release|Any CPU.Build.0 = Release|Any CPU
		{AC7B7372-A018-43B9-996D-E4118BAABC83}.Debug|Any CPU.ActiveCfg = Debug|Any CPU
		{AC7B7372-A018-43B9-996D-E4118BAABC83}.Debug|Any CPU.Build.0 = Debug|Any CPU
		{AC7B7372-A018-43B9-996D-E4118BAABC83}.Release|Any CPU.ActiveCfg = Release|Any CPU
		{AC7B7372-A018-43B9-996D-E4118BAABC83}.Release|Any CPU.Build.0 = Release|Any CPU
	EndGlobalSection
	GlobalSection(SolutionProperties) = preSolution
		HideSolutionNode = FALSE
	EndGlobalSection
	GlobalSection(NestedProjects) = preSolution
		{AE96B386-A63B-46E1-B853-2FBEA866791B} = {02EA681E-C7D8-13C7-8484-4AC65E1B71E8}
		{782469C8-17A4-4C30-A2DD-B03C4BC14B91} = {AE96B386-A63B-46E1-B853-2FBEA866791B}
		{0978C2AD-5137-4839-86A1-36AFD82223E9} = {AE96B386-A63B-46E1-B853-2FBEA866791B}
		{61B7496D-4F5B-41AD-9290-E5672A6CF840} = {AE96B386-A63B-46E1-B853-2FBEA866791B}
		{E9EF6DF5-0229-4675-9C20-183377C62839} = {360FD04B-C243-47CC-899C-4CC01B827966}
		{BE26352B-BCD5-4A9F-BF07-ED74BF64CA18} = {360FD04B-C243-47CC-899C-4CC01B827966}
		{6CD28925-6EA0-43AE-B059-1CDE575E1687} = {BF596C53-0952-430F-B3F2-8DE205E365E3}
		{360FD04B-C243-47CC-899C-4CC01B827966} = {02EA681E-C7D8-13C7-8484-4AC65E1B71E8}
		{AC7B7372-A018-43B9-996D-E4118BAABC83} = {AE96B386-A63B-46E1-B853-2FBEA866791B}
	EndGlobalSection
	GlobalSection(ExtensibilityGlobals) = postSolution
		SolutionGuid = {0A496028-88F0-48BC-A108-582B7007D0AE}
	EndGlobalSection
EndGlobal
